
Microsoft Visual Studio Solution File, Format Version 12.00
# Visual Studio 15
VisualStudioVersion = 15.0.26228.12
MinimumVisualStudioVersion = 10.0.40219.1
Project("{FAE04EC0-301F-11D3-BF4B-00C04F79EFBC}") = "ZmartEventApp.Android", "Zmart.EventApp\Zmart.EventApp.Android\ZmartEventApp.Android.csproj", "{1F2372BB-1B41-42C7-A131-F6EFAF2FDDC9}"
EndProject
Project("{FAE04EC0-301F-11D3-BF4B-00C04F79EFBC}") = "ZmartEventApp", "Zmart.EventApp\Zmart.EventApp\ZmartEventApp.csproj", "{8CF9B7A8-5272-40AB-BD34-7208147E4ADB}"
EndProject
Project("{FAE04EC0-301F-11D3-BF4B-00C04F79EFBC}") = "Zmart.EventApp.UWP", "Zmart.EventApp\Zmart.EventApp.UWP\Zmart.EventApp.UWP.csproj", "{72B1E1A0-F423-4E95-BC2D-3A091CFC8D76}"
EndProject
Project("{FAE04EC0-301F-11D3-BF4B-00C04F79EFBC}") = "ZmartEventApp.iOS", "Zmart.EventApp\Zmart.EventApp.iOS\ZmartEventApp.iOS.csproj", "{6B698BAC-B29B-408E-AA63-06ED6BDB6C39}"
EndProject
Global
	GlobalSection(SolutionConfigurationPlatforms) = preSolution
		Ad-Hoc|Any CPU = Ad-Hoc|Any CPU
		Ad-Hoc|ARM = Ad-Hoc|ARM
		Ad-Hoc|iPhone = Ad-Hoc|iPhone
		Ad-Hoc|iPhoneSimulator = Ad-Hoc|iPhoneSimulator
		Ad-Hoc|x64 = Ad-Hoc|x64
		Ad-Hoc|x86 = Ad-Hoc|x86
		AppStore|Any CPU = AppStore|Any CPU
		AppStore|ARM = AppStore|ARM
		AppStore|iPhone = AppStore|iPhone
		AppStore|iPhoneSimulator = AppStore|iPhoneSimulator
		AppStore|x64 = AppStore|x64
		AppStore|x86 = AppStore|x86
		Debug|Any CPU = Debug|Any CPU
		Debug|ARM = Debug|ARM
		Debug|iPhone = Debug|iPhone
		Debug|iPhoneSimulator = Debug|iPhoneSimulator
		Debug|x64 = Debug|x64
		Debug|x86 = Debug|x86
		Release|Any CPU = Release|Any CPU
		Release|ARM = Release|ARM
		Release|iPhone = Release|iPhone
		Release|iPhoneSimulator = Release|iPhoneSimulator
		Release|x64 = Release|x64
		Release|x86 = Release|x86
	EndGlobalSection
	GlobalSection(ProjectConfigurationPlatforms) = postSolution
		{1F2372BB-1B41-42C7-A131-F6EFAF2FDDC9}.Ad-Hoc|Any CPU.ActiveCfg = Release|Any CPU
		{1F2372BB-1B41-42C7-A131-F6EFAF2FDDC9}.Ad-Hoc|Any CPU.Build.0 = Release|Any CPU
		{1F2372BB-1B41-42C7-A131-F6EFAF2FDDC9}.Ad-Hoc|Any CPU.Deploy.0 = Release|Any CPU
		{1F2372BB-1B41-42C7-A131-F6EFAF2FDDC9}.Ad-Hoc|ARM.ActiveCfg = Release|Any CPU
		{1F2372BB-1B41-42C7-A131-F6EFAF2FDDC9}.Ad-Hoc|ARM.Build.0 = Release|Any CPU
		{1F2372BB-1B41-42C7-A131-F6EFAF2FDDC9}.Ad-Hoc|ARM.Deploy.0 = Release|Any CPU
		{1F2372BB-1B41-42C7-A131-F6EFAF2FDDC9}.Ad-Hoc|iPhone.ActiveCfg = Release|Any CPU
		{1F2372BB-1B41-42C7-A131-F6EFAF2FDDC9}.Ad-Hoc|iPhone.Build.0 = Release|Any CPU
		{1F2372BB-1B41-42C7-A131-F6EFAF2FDDC9}.Ad-Hoc|iPhone.Deploy.0 = Release|Any CPU
		{1F2372BB-1B41-42C7-A131-F6EFAF2FDDC9}.Ad-Hoc|iPhoneSimulator.ActiveCfg = Release|Any CPU
		{1F2372BB-1B41-42C7-A131-F6EFAF2FDDC9}.Ad-Hoc|iPhoneSimulator.Build.0 = Release|Any CPU
		{1F2372BB-1B41-42C7-A131-F6EFAF2FDDC9}.Ad-Hoc|iPhoneSimulator.Deploy.0 = Release|Any CPU
		{1F2372BB-1B41-42C7-A131-F6EFAF2FDDC9}.Ad-Hoc|x64.ActiveCfg = Release|Any CPU
		{1F2372BB-1B41-42C7-A131-F6EFAF2FDDC9}.Ad-Hoc|x64.Build.0 = Release|Any CPU
		{1F2372BB-1B41-42C7-A131-F6EFAF2FDDC9}.Ad-Hoc|x64.Deploy.0 = Release|Any CPU
		{1F2372BB-1B41-42C7-A131-F6EFAF2FDDC9}.Ad-Hoc|x86.ActiveCfg = Release|Any CPU
		{1F2372BB-1B41-42C7-A131-F6EFAF2FDDC9}.Ad-Hoc|x86.Build.0 = Release|Any CPU
		{1F2372BB-1B41-42C7-A131-F6EFAF2FDDC9}.Ad-Hoc|x86.Deploy.0 = Release|Any CPU
		{1F2372BB-1B41-42C7-A131-F6EFAF2FDDC9}.AppStore|Any CPU.ActiveCfg = Release|Any CPU
		{1F2372BB-1B41-42C7-A131-F6EFAF2FDDC9}.AppStore|Any CPU.Build.0 = Release|Any CPU
		{1F2372BB-1B41-42C7-A131-F6EFAF2FDDC9}.AppStore|Any CPU.Deploy.0 = Release|Any CPU
		{1F2372BB-1B41-42C7-A131-F6EFAF2FDDC9}.AppStore|ARM.ActiveCfg = Release|Any CPU
		{1F2372BB-1B41-42C7-A131-F6EFAF2FDDC9}.AppStore|ARM.Build.0 = Release|Any CPU
		{1F2372BB-1B41-42C7-A131-F6EFAF2FDDC9}.AppStore|ARM.Deploy.0 = Release|Any CPU
		{1F2372BB-1B41-42C7-A131-F6EFAF2FDDC9}.AppStore|iPhone.ActiveCfg = Release|Any CPU
		{1F2372BB-1B41-42C7-A131-F6EFAF2FDDC9}.AppStore|iPhone.Build.0 = Release|Any CPU
		{1F2372BB-1B41-42C7-A131-F6EFAF2FDDC9}.AppStore|iPhone.Deploy.0 = Release|Any CPU
		{1F2372BB-1B41-42C7-A131-F6EFAF2FDDC9}.AppStore|iPhoneSimulator.ActiveCfg = Release|Any CPU
		{1F2372BB-1B41-42C7-A131-F6EFAF2FDDC9}.AppStore|iPhoneSimulator.Build.0 = Release|Any CPU
		{1F2372BB-1B41-42C7-A131-F6EFAF2FDDC9}.AppStore|iPhoneSimulator.Deploy.0 = Release|Any CPU
		{1F2372BB-1B41-42C7-A131-F6EFAF2FDDC9}.AppStore|x64.ActiveCfg = Release|Any CPU
		{1F2372BB-1B41-42C7-A131-F6EFAF2FDDC9}.AppStore|x64.Build.0 = Release|Any CPU
		{1F2372BB-1B41-42C7-A131-F6EFAF2FDDC9}.AppStore|x64.Deploy.0 = Release|Any CPU
		{1F2372BB-1B41-42C7-A131-F6EFAF2FDDC9}.AppStore|x86.ActiveCfg = Release|Any CPU
		{1F2372BB-1B41-42C7-A131-F6EFAF2FDDC9}.AppStore|x86.Build.0 = Release|Any CPU
		{1F2372BB-1B41-42C7-A131-F6EFAF2FDDC9}.AppStore|x86.Deploy.0 = Release|Any CPU
		{1F2372BB-1B41-42C7-A131-F6EFAF2FDDC9}.Debug|Any CPU.ActiveCfg = Debug|Any CPU
		{1F2372BB-1B41-42C7-A131-F6EFAF2FDDC9}.Debug|Any CPU.Build.0 = Debug|Any CPU
		{1F2372BB-1B41-42C7-A131-F6EFAF2FDDC9}.Debug|Any CPU.Deploy.0 = Debug|Any CPU
		{1F2372BB-1B41-42C7-A131-F6EFAF2FDDC9}.Debug|ARM.ActiveCfg = Debug|Any CPU
		{1F2372BB-1B41-42C7-A131-F6EFAF2FDDC9}.Debug|ARM.Build.0 = Debug|Any CPU
		{1F2372BB-1B41-42C7-A131-F6EFAF2FDDC9}.Debug|ARM.Deploy.0 = Debug|Any CPU
		{1F2372BB-1B41-42C7-A131-F6EFAF2FDDC9}.Debug|iPhone.ActiveCfg = Debug|Any CPU
		{1F2372BB-1B41-42C7-A131-F6EFAF2FDDC9}.Debug|iPhone.Build.0 = Debug|Any CPU
		{1F2372BB-1B41-42C7-A131-F6EFAF2FDDC9}.Debug|iPhone.Deploy.0 = Debug|Any CPU
		{1F2372BB-1B41-42C7-A131-F6EFAF2FDDC9}.Debug|iPhoneSimulator.ActiveCfg = Debug|Any CPU
		{1F2372BB-1B41-42C7-A131-F6EFAF2FDDC9}.Debug|iPhoneSimulator.Build.0 = Debug|Any CPU
		{1F2372BB-1B41-42C7-A131-F6EFAF2FDDC9}.Debug|iPhoneSimulator.Deploy.0 = Debug|Any CPU
		{1F2372BB-1B41-42C7-A131-F6EFAF2FDDC9}.Debug|x64.ActiveCfg = Debug|Any CPU
		{1F2372BB-1B41-42C7-A131-F6EFAF2FDDC9}.Debug|x64.Build.0 = Debug|Any CPU
		{1F2372BB-1B41-42C7-A131-F6EFAF2FDDC9}.Debug|x64.Deploy.0 = Debug|Any CPU
		{1F2372BB-1B41-42C7-A131-F6EFAF2FDDC9}.Debug|x86.ActiveCfg = Debug|Any CPU
		{1F2372BB-1B41-42C7-A131-F6EFAF2FDDC9}.Debug|x86.Build.0 = Debug|Any CPU
		{1F2372BB-1B41-42C7-A131-F6EFAF2FDDC9}.Debug|x86.Deploy.0 = Debug|Any CPU
		{1F2372BB-1B41-42C7-A131-F6EFAF2FDDC9}.Release|Any CPU.ActiveCfg = Release|Any CPU
		{1F2372BB-1B41-42C7-A131-F6EFAF2FDDC9}.Release|Any CPU.Build.0 = Release|Any CPU
		{1F2372BB-1B41-42C7-A131-F6EFAF2FDDC9}.Release|Any CPU.Deploy.0 = Release|Any CPU
		{1F2372BB-1B41-42C7-A131-F6EFAF2FDDC9}.Release|ARM.ActiveCfg = Release|Any CPU
		{1F2372BB-1B41-42C7-A131-F6EFAF2FDDC9}.Release|ARM.Build.0 = Release|Any CPU
		{1F2372BB-1B41-42C7-A131-F6EFAF2FDDC9}.Release|ARM.Deploy.0 = Release|Any CPU
		{1F2372BB-1B41-42C7-A131-F6EFAF2FDDC9}.Release|iPhone.ActiveCfg = Release|Any CPU
		{1F2372BB-1B41-42C7-A131-F6EFAF2FDDC9}.Release|iPhone.Build.0 = Release|Any CPU
		{1F2372BB-1B41-42C7-A131-F6EFAF2FDDC9}.Release|iPhone.Deploy.0 = Release|Any CPU
		{1F2372BB-1B41-42C7-A131-F6EFAF2FDDC9}.Release|iPhoneSimulator.ActiveCfg = Release|Any CPU
		{1F2372BB-1B41-42C7-A131-F6EFAF2FDDC9}.Release|iPhoneSimulator.Build.0 = Release|Any CPU
		{1F2372BB-1B41-42C7-A131-F6EFAF2FDDC9}.Release|iPhoneSimulator.Deploy.0 = Release|Any CPU
		{1F2372BB-1B41-42C7-A131-F6EFAF2FDDC9}.Release|x64.ActiveCfg = Release|Any CPU
		{1F2372BB-1B41-42C7-A131-F6EFAF2FDDC9}.Release|x64.Build.0 = Release|Any CPU
		{1F2372BB-1B41-42C7-A131-F6EFAF2FDDC9}.Release|x64.Deploy.0 = Release|Any CPU
		{1F2372BB-1B41-42C7-A131-F6EFAF2FDDC9}.Release|x86.ActiveCfg = Release|Any CPU
		{1F2372BB-1B41-42C7-A131-F6EFAF2FDDC9}.Release|x86.Build.0 = Release|Any CPU
		{1F2372BB-1B41-42C7-A131-F6EFAF2FDDC9}.Release|x86.Deploy.0 = Release|Any CPU
		{8CF9B7A8-5272-40AB-BD34-7208147E4ADB}.Ad-Hoc|Any CPU.ActiveCfg = Release|Any CPU
		{8CF9B7A8-5272-40AB-BD34-7208147E4ADB}.Ad-Hoc|Any CPU.Build.0 = Release|Any CPU
		{8CF9B7A8-5272-40AB-BD34-7208147E4ADB}.Ad-Hoc|ARM.ActiveCfg = Release|Any CPU
		{8CF9B7A8-5272-40AB-BD34-7208147E4ADB}.Ad-Hoc|ARM.Build.0 = Release|Any CPU
		{8CF9B7A8-5272-40AB-BD34-7208147E4ADB}.Ad-Hoc|iPhone.ActiveCfg = Release|Any CPU
		{8CF9B7A8-5272-40AB-BD34-7208147E4ADB}.Ad-Hoc|iPhone.Build.0 = Release|Any CPU
		{8CF9B7A8-5272-40AB-BD34-7208147E4ADB}.Ad-Hoc|iPhoneSimulator.ActiveCfg = Release|Any CPU
		{8CF9B7A8-5272-40AB-BD34-7208147E4ADB}.Ad-Hoc|iPhoneSimulator.Build.0 = Release|Any CPU
		{8CF9B7A8-5272-40AB-BD34-7208147E4ADB}.Ad-Hoc|x64.ActiveCfg = Release|Any CPU
		{8CF9B7A8-5272-40AB-BD34-7208147E4ADB}.Ad-Hoc|x64.Build.0 = Release|Any CPU
		{8CF9B7A8-5272-40AB-BD34-7208147E4ADB}.Ad-Hoc|x86.ActiveCfg = Release|Any CPU
		{8CF9B7A8-5272-40AB-BD34-7208147E4ADB}.Ad-Hoc|x86.Build.0 = Release|Any CPU
		{8CF9B7A8-5272-40AB-BD34-7208147E4ADB}.AppStore|Any CPU.ActiveCfg = Release|Any CPU
		{8CF9B7A8-5272-40AB-BD34-7208147E4ADB}.AppStore|Any CPU.Build.0 = Release|Any CPU
		{8CF9B7A8-5272-40AB-BD34-7208147E4ADB}.AppStore|ARM.ActiveCfg = Release|Any CPU
		{8CF9B7A8-5272-40AB-BD34-7208147E4ADB}.AppStore|ARM.Build.0 = Release|Any CPU
		{8CF9B7A8-5272-40AB-BD34-7208147E4ADB}.AppStore|iPhone.ActiveCfg = Release|Any CPU
		{8CF9B7A8-5272-40AB-BD34-7208147E4ADB}.AppStore|iPhone.Build.0 = Release|Any CPU
		{8CF9B7A8-5272-40AB-BD34-7208147E4ADB}.AppStore|iPhoneSimulator.ActiveCfg = Release|Any CPU
		{8CF9B7A8-5272-40AB-BD34-7208147E4ADB}.AppStore|iPhoneSimulator.Build.0 = Release|Any CPU
		{8CF9B7A8-5272-40AB-BD34-7208147E4ADB}.AppStore|x64.ActiveCfg = Release|Any CPU
		{8CF9B7A8-5272-40AB-BD34-7208147E4ADB}.AppStore|x64.Build.0 = Release|Any CPU
		{8CF9B7A8-5272-40AB-BD34-7208147E4ADB}.AppStore|x86.ActiveCfg = Release|Any CPU
		{8CF9B7A8-5272-40AB-BD34-7208147E4ADB}.AppStore|x86.Build.0 = Release|Any CPU
		{8CF9B7A8-5272-40AB-BD34-7208147E4ADB}.Debug|Any CPU.ActiveCfg = Debug|Any CPU
		{8CF9B7A8-5272-40AB-BD34-7208147E4ADB}.Debug|Any CPU.Build.0 = Debug|Any CPU
		{8CF9B7A8-5272-40AB-BD34-7208147E4ADB}.Debug|ARM.ActiveCfg = Debug|Any CPU
		{8CF9B7A8-5272-40AB-BD34-7208147E4ADB}.Debug|ARM.Build.0 = Debug|Any CPU
		{8CF9B7A8-5272-40AB-BD34-7208147E4ADB}.Debug|iPhone.ActiveCfg = Debug|Any CPU
		{8CF9B7A8-5272-40AB-BD34-7208147E4ADB}.Debug|iPhone.Build.0 = Debug|Any CPU
		{8CF9B7A8-5272-40AB-BD34-7208147E4ADB}.Debug|iPhoneSimulator.ActiveCfg = Debug|Any CPU
		{8CF9B7A8-5272-40AB-BD34-7208147E4ADB}.Debug|iPhoneSimulator.Build.0 = Debug|Any CPU
		{8CF9B7A8-5272-40AB-BD34-7208147E4ADB}.Debug|x64.ActiveCfg = Debug|Any CPU
		{8CF9B7A8-5272-40AB-BD34-7208147E4ADB}.Debug|x64.Build.0 = Debug|Any CPU
		{8CF9B7A8-5272-40AB-BD34-7208147E4ADB}.Debug|x86.ActiveCfg = Debug|Any CPU
		{8CF9B7A8-5272-40AB-BD34-7208147E4ADB}.Debug|x86.Build.0 = Debug|Any CPU
		{8CF9B7A8-5272-40AB-BD34-7208147E4ADB}.Release|Any CPU.ActiveCfg = Release|Any CPU
		{8CF9B7A8-5272-40AB-BD34-7208147E4ADB}.Release|Any CPU.Build.0 = Release|Any CPU
		{8CF9B7A8-5272-40AB-BD34-7208147E4ADB}.Release|ARM.ActiveCfg = Release|Any CPU
		{8CF9B7A8-5272-40AB-BD34-7208147E4ADB}.Release|ARM.Build.0 = Release|Any CPU
		{8CF9B7A8-5272-40AB-BD34-7208147E4ADB}.Release|iPhone.ActiveCfg = Release|Any CPU
		{8CF9B7A8-5272-40AB-BD34-7208147E4ADB}.Release|iPhone.Build.0 = Release|Any CPU
		{8CF9B7A8-5272-40AB-BD34-7208147E4ADB}.Release|iPhoneSimulator.ActiveCfg = Release|Any CPU
		{8CF9B7A8-5272-40AB-BD34-7208147E4ADB}.Release|iPhoneSimulator.Build.0 = Release|Any CPU
		{8CF9B7A8-5272-40AB-BD34-7208147E4ADB}.Release|x64.ActiveCfg = Release|Any CPU
		{8CF9B7A8-5272-40AB-BD34-7208147E4ADB}.Release|x64.Build.0 = Release|Any CPU
		{8CF9B7A8-5272-40AB-BD34-7208147E4ADB}.Release|x86.ActiveCfg = Release|Any CPU
		{8CF9B7A8-5272-40AB-BD34-7208147E4ADB}.Release|x86.Build.0 = Release|Any CPU
		{72B1E1A0-F423-4E95-BC2D-3A091CFC8D76}.Ad-Hoc|Any CPU.ActiveCfg = Release|x86
		{72B1E1A0-F423-4E95-BC2D-3A091CFC8D76}.Ad-Hoc|Any CPU.Build.0 = Release|x86
		{72B1E1A0-F423-4E95-BC2D-3A091CFC8D76}.Ad-Hoc|Any CPU.Deploy.0 = Release|x86
		{72B1E1A0-F423-4E95-BC2D-3A091CFC8D76}.Ad-Hoc|ARM.ActiveCfg = Release|ARM
		{72B1E1A0-F423-4E95-BC2D-3A091CFC8D76}.Ad-Hoc|ARM.Build.0 = Release|ARM
		{72B1E1A0-F423-4E95-BC2D-3A091CFC8D76}.Ad-Hoc|ARM.Deploy.0 = Release|ARM
		{72B1E1A0-F423-4E95-BC2D-3A091CFC8D76}.Ad-Hoc|iPhone.ActiveCfg = Release|x86
		{72B1E1A0-F423-4E95-BC2D-3A091CFC8D76}.Ad-Hoc|iPhone.Build.0 = Release|x86
		{72B1E1A0-F423-4E95-BC2D-3A091CFC8D76}.Ad-Hoc|iPhone.Deploy.0 = Release|x86
		{72B1E1A0-F423-4E95-BC2D-3A091CFC8D76}.Ad-Hoc|iPhoneSimulator.ActiveCfg = Release|x86
		{72B1E1A0-F423-4E95-BC2D-3A091CFC8D76}.Ad-Hoc|iPhoneSimulator.Build.0 = Release|x86
		{72B1E1A0-F423-4E95-BC2D-3A091CFC8D76}.Ad-Hoc|iPhoneSimulator.Deploy.0 = Release|x86
		{72B1E1A0-F423-4E95-BC2D-3A091CFC8D76}.Ad-Hoc|x64.ActiveCfg = Release|x64
		{72B1E1A0-F423-4E95-BC2D-3A091CFC8D76}.Ad-Hoc|x64.Build.0 = Release|x64
		{72B1E1A0-F423-4E95-BC2D-3A091CFC8D76}.Ad-Hoc|x64.Deploy.0 = Release|x64
		{72B1E1A0-F423-4E95-BC2D-3A091CFC8D76}.Ad-Hoc|x86.ActiveCfg = Release|x86
		{72B1E1A0-F423-4E95-BC2D-3A091CFC8D76}.Ad-Hoc|x86.Build.0 = Release|x86
		{72B1E1A0-F423-4E95-BC2D-3A091CFC8D76}.Ad-Hoc|x86.Deploy.0 = Release|x86
		{72B1E1A0-F423-4E95-BC2D-3A091CFC8D76}.AppStore|Any CPU.ActiveCfg = Release|x86
		{72B1E1A0-F423-4E95-BC2D-3A091CFC8D76}.AppStore|Any CPU.Build.0 = Release|x86
		{72B1E1A0-F423-4E95-BC2D-3A091CFC8D76}.AppStore|Any CPU.Deploy.0 = Release|x86
		{72B1E1A0-F423-4E95-BC2D-3A091CFC8D76}.AppStore|ARM.ActiveCfg = Release|ARM
		{72B1E1A0-F423-4E95-BC2D-3A091CFC8D76}.AppStore|ARM.Build.0 = Release|ARM
		{72B1E1A0-F423-4E95-BC2D-3A091CFC8D76}.AppStore|ARM.Deploy.0 = Release|ARM
		{72B1E1A0-F423-4E95-BC2D-3A091CFC8D76}.AppStore|iPhone.ActiveCfg = Release|x86
		{72B1E1A0-F423-4E95-BC2D-3A091CFC8D76}.AppStore|iPhone.Build.0 = Release|x86
		{72B1E1A0-F423-4E95-BC2D-3A091CFC8D76}.AppStore|iPhone.Deploy.0 = Release|x86
		{72B1E1A0-F423-4E95-BC2D-3A091CFC8D76}.AppStore|iPhoneSimulator.ActiveCfg = Release|x86
		{72B1E1A0-F423-4E95-BC2D-3A091CFC8D76}.AppStore|iPhoneSimulator.Build.0 = Release|x86
		{72B1E1A0-F423-4E95-BC2D-3A091CFC8D76}.AppStore|iPhoneSimulator.Deploy.0 = Release|x86
		{72B1E1A0-F423-4E95-BC2D-3A091CFC8D76}.AppStore|x64.ActiveCfg = Release|x64
		{72B1E1A0-F423-4E95-BC2D-3A091CFC8D76}.AppStore|x64.Build.0 = Release|x64
		{72B1E1A0-F423-4E95-BC2D-3A091CFC8D76}.AppStore|x64.Deploy.0 = Release|x64
		{72B1E1A0-F423-4E95-BC2D-3A091CFC8D76}.AppStore|x86.ActiveCfg = Release|x86
		{72B1E1A0-F423-4E95-BC2D-3A091CFC8D76}.AppStore|x86.Build.0 = Release|x86
		{72B1E1A0-F423-4E95-BC2D-3A091CFC8D76}.AppStore|x86.Deploy.0 = Release|x86
		{72B1E1A0-F423-4E95-BC2D-3A091CFC8D76}.Debug|Any CPU.ActiveCfg = Debug|x86
		{72B1E1A0-F423-4E95-BC2D-3A091CFC8D76}.Debug|ARM.ActiveCfg = Debug|ARM
		{72B1E1A0-F423-4E95-BC2D-3A091CFC8D76}.Debug|ARM.Build.0 = Debug|ARM
		{72B1E1A0-F423-4E95-BC2D-3A091CFC8D76}.Debug|ARM.Deploy.0 = Debug|ARM
		{72B1E1A0-F423-4E95-BC2D-3A091CFC8D76}.Debug|iPhone.ActiveCfg = Debug|x86
		{72B1E1A0-F423-4E95-BC2D-3A091CFC8D76}.Debug|iPhoneSimulator.ActiveCfg = Debug|x86
		{72B1E1A0-F423-4E95-BC2D-3A091CFC8D76}.Debug|x64.ActiveCfg = Debug|x64
		{72B1E1A0-F423-4E95-BC2D-3A091CFC8D76}.Debug|x64.Build.0 = Debug|x64
		{72B1E1A0-F423-4E95-BC2D-3A091CFC8D76}.Debug|x64.Deploy.0 = Debug|x64
		{72B1E1A0-F423-4E95-BC2D-3A091CFC8D76}.Debug|x86.ActiveCfg = Debug|x86
		{72B1E1A0-F423-4E95-BC2D-3A091CFC8D76}.Debug|x86.Build.0 = Debug|x86
		{72B1E1A0-F423-4E95-BC2D-3A091CFC8D76}.Debug|x86.Deploy.0 = Debug|x86
		{72B1E1A0-F423-4E95-BC2D-3A091CFC8D76}.Release|Any CPU.ActiveCfg = Release|x86
		{72B1E1A0-F423-4E95-BC2D-3A091CFC8D76}.Release|ARM.ActiveCfg = Release|ARM
		{72B1E1A0-F423-4E95-BC2D-3A091CFC8D76}.Release|ARM.Build.0 = Release|ARM
		{72B1E1A0-F423-4E95-BC2D-3A091CFC8D76}.Release|ARM.Deploy.0 = Release|ARM
		{72B1E1A0-F423-4E95-BC2D-3A091CFC8D76}.Release|iPhone.ActiveCfg = Release|x86
		{72B1E1A0-F423-4E95-BC2D-3A091CFC8D76}.Release|iPhoneSimulator.ActiveCfg = Release|x86
		{72B1E1A0-F423-4E95-BC2D-3A091CFC8D76}.Release|x64.ActiveCfg = Release|x64
		{72B1E1A0-F423-4E95-BC2D-3A091CFC8D76}.Release|x64.Build.0 = Release|x64
		{72B1E1A0-F423-4E95-BC2D-3A091CFC8D76}.Release|x64.Deploy.0 = Release|x64
		{72B1E1A0-F423-4E95-BC2D-3A091CFC8D76}.Release|x86.ActiveCfg = Release|x86
		{72B1E1A0-F423-4E95-BC2D-3A091CFC8D76}.Release|x86.Build.0 = Release|x86
		{72B1E1A0-F423-4E95-BC2D-3A091CFC8D76}.Release|x86.Deploy.0 = Release|x86
		{6B698BAC-B29B-408E-AA63-06ED6BDB6C39}.Ad-Hoc|Any CPU.ActiveCfg = Ad-Hoc|iPhone
		{6B698BAC-B29B-408E-AA63-06ED6BDB6C39}.Ad-Hoc|ARM.ActiveCfg = Ad-Hoc|iPhone
		{6B698BAC-B29B-408E-AA63-06ED6BDB6C39}.Ad-Hoc|iPhone.ActiveCfg = Ad-Hoc|iPhone
		{6B698BAC-B29B-408E-AA63-06ED6BDB6C39}.Ad-Hoc|iPhone.Build.0 = Ad-Hoc|iPhone
		{6B698BAC-B29B-408E-AA63-06ED6BDB6C39}.Ad-Hoc|iPhoneSimulator.ActiveCfg = Ad-Hoc|iPhoneSimulator
		{6B698BAC-B29B-408E-AA63-06ED6BDB6C39}.Ad-Hoc|iPhoneSimulator.Build.0 = Ad-Hoc|iPhoneSimulator
		{6B698BAC-B29B-408E-AA63-06ED6BDB6C39}.Ad-Hoc|x64.ActiveCfg = Ad-Hoc|iPhone
		{6B698BAC-B29B-408E-AA63-06ED6BDB6C39}.Ad-Hoc|x86.ActiveCfg = Ad-Hoc|iPhone
		{6B698BAC-B29B-408E-AA63-06ED6BDB6C39}.AppStore|Any CPU.ActiveCfg = AppStore|iPhone
		{6B698BAC-B29B-408E-AA63-06ED6BDB6C39}.AppStore|ARM.ActiveCfg = AppStore|iPhone
		{6B698BAC-B29B-408E-AA63-06ED6BDB6C39}.AppStore|iPhone.ActiveCfg = AppStore|iPhone
		{6B698BAC-B29B-408E-AA63-06ED6BDB6C39}.AppStore|iPhone.Build.0 = AppStore|iPhone
		{6B698BAC-B29B-408E-AA63-06ED6BDB6C39}.AppStore|iPhoneSimulator.ActiveCfg = AppStore|iPhoneSimulator
		{6B698BAC-B29B-408E-AA63-06ED6BDB6C39}.AppStore|iPhoneSimulator.Build.0 = AppStore|iPhoneSimulator
		{6B698BAC-B29B-408E-AA63-06ED6BDB6C39}.AppStore|x64.ActiveCfg = AppStore|iPhone
		{6B698BAC-B29B-408E-AA63-06ED6BDB6C39}.AppStore|x86.ActiveCfg = AppStore|iPhone
		{6B698BAC-B29B-408E-AA63-06ED6BDB6C39}.Debug|Any CPU.ActiveCfg = Debug|iPhone
		{6B698BAC-B29B-408E-AA63-06ED6BDB6C39}.Debug|ARM.ActiveCfg = Debug|iPhone
		{6B698BAC-B29B-408E-AA63-06ED6BDB6C39}.Debug|iPhone.ActiveCfg = Debug|iPhone
		{6B698BAC-B29B-408E-AA63-06ED6BDB6C39}.Debug|iPhone.Build.0 = Debug|iPhone
		{6B698BAC-B29B-408E-AA63-06ED6BDB6C39}.Debug|iPhoneSimulator.ActiveCfg = Debug|iPhoneSimulator
		{6B698BAC-B29B-408E-AA63-06ED6BDB6C39}.Debug|iPhoneSimulator.Build.0 = Debug|iPhoneSimulator
		{6B698BAC-B29B-408E-AA63-06ED6BDB6C39}.Debug|x64.ActiveCfg = Debug|iPhone
		{6B698BAC-B29B-408E-AA63-06ED6BDB6C39}.Debug|x86.ActiveCfg = Debug|iPhone
		{6B698BAC-B29B-408E-AA63-06ED6BDB6C39}.Release|Any CPU.ActiveCfg = Release|iPhone
		{6B698BAC-B29B-408E-AA63-06ED6BDB6C39}.Release|ARM.ActiveCfg = Release|iPhone
		{6B698BAC-B29B-408E-AA63-06ED6BDB6C39}.Release|iPhone.ActiveCfg = Release|iPhone
		{6B698BAC-B29B-408E-AA63-06ED6BDB6C39}.Release|iPhone.Build.0 = Release|iPhone
		{6B698BAC-B29B-408E-AA63-06ED6BDB6C39}.Release|iPhoneSimulator.ActiveCfg = Release|iPhoneSimulator
		{6B698BAC-B29B-408E-AA63-06ED6BDB6C39}.Release|iPhoneSimulator.Build.0 = Release|iPhoneSimulator
		{6B698BAC-B29B-408E-AA63-06ED6BDB6C39}.Release|x64.ActiveCfg = Release|iPhone
		{6B698BAC-B29B-408E-AA63-06ED6BDB6C39}.Release|x86.ActiveCfg = Release|iPhone
	EndGlobalSection
	GlobalSection(SolutionProperties) = preSolution
		HideSolutionNode = FALSE
	EndGlobalSection
EndGlobal
